// !$*UTF8*$!
{
	archiveVersion = 1;
	classes = {
	};
	objectVersion = 50;
	objects = {

/* Begin PBXBuildFile section */
		1079949C244840A7001ED121 /* AppDelegate.swift in Sources */ = {isa = PBXBuildFile; fileRef = 1079949B244840A7001ED121 /* AppDelegate.swift */; };
		1079949E244840A7001ED121 /* SceneDelegate.swift in Sources */ = {isa = PBXBuildFile; fileRef = 1079949D244840A7001ED121 /* SceneDelegate.swift */; };
		107994A3244840A7001ED121 /* Main.storyboard in Resources */ = {isa = PBXBuildFile; fileRef = 107994A1244840A7001ED121 /* Main.storyboard */; };
		107994A5244840A8001ED121 /* Assets.xcassets in Resources */ = {isa = PBXBuildFile; fileRef = 107994A4244840A8001ED121 /* Assets.xcassets */; };
		107994A8244840A8001ED121 /* LaunchScreen.storyboard in Resources */ = {isa = PBXBuildFile; fileRef = 107994A6244840A8001ED121 /* LaunchScreen.storyboard */; };
		107994B6244840F7001ED121 /* WeatherViewController.swift in Sources */ = {isa = PBXBuildFile; fileRef = 107994B5244840F7001ED121 /* WeatherViewController.swift */; };
		107994B824484102001ED121 /* Weather.swift in Sources */ = {isa = PBXBuildFile; fileRef = 107994B724484102001ED121 /* Weather.swift */; };
		107994BA24484B97001ED121 /* NetworkService.swift in Sources */ = {isa = PBXBuildFile; fileRef = 107994B924484B97001ED121 /* NetworkService.swift */; };
		107994BC24485A95001ED121 /* Global Functions.swift in Sources */ = {isa = PBXBuildFile; fileRef = 107994BB24485A95001ED121 /* Global Functions.swift */; };
		107994BE2448768C001ED121 /* RightNowView.swift in Sources */ = {isa = PBXBuildFile; fileRef = 107994BD2448768C001ED121 /* RightNowView.swift */; };
		107994C0244876DF001ED121 /* WeatherDetailView.swift in Sources */ = {isa = PBXBuildFile; fileRef = 107994BF244876DF001ED121 /* WeatherDetailView.swift */; };
		107994C22448DA32001ED121 /* Fancy.swift in Sources */ = {isa = PBXBuildFile; fileRef = 107994C12448DA32001ED121 /* Fancy.swift */; };
/* End PBXBuildFile section */

/* Begin PBXFileReference section */
		10799498244840A7001ED121 /* Weather.app */ = {isa = PBXFileReference; explicitFileType = wrapper.application; includeInIndex = 0; path = Weather.app; sourceTree = BUILT_PRODUCTS_DIR; };
		1079949B244840A7001ED121 /* AppDelegate.swift */ = {isa = PBXFileReference; lastKnownFileType = sourcecode.swift; path = AppDelegate.swift; sourceTree = "<group>"; };
		1079949D244840A7001ED121 /* SceneDelegate.swift */ = {isa = PBXFileReference; lastKnownFileType = sourcecode.swift; path = SceneDelegate.swift; sourceTree = "<group>"; };
		107994A2244840A7001ED121 /* Base */ = {isa = PBXFileReference; lastKnownFileType = file.storyboard; name = Base; path = Base.lproj/Main.storyboard; sourceTree = "<group>"; };
		107994A4244840A8001ED121 /* Assets.xcassets */ = {isa = PBXFileReference; lastKnownFileType = folder.assetcatalog; path = Assets.xcassets; sourceTree = "<group>"; };
		107994A7244840A8001ED121 /* Base */ = {isa = PBXFileReference; lastKnownFileType = file.storyboard; name = Base; path = Base.lproj/LaunchScreen.storyboard; sourceTree = "<group>"; };
		107994A9244840A8001ED121 /* Info.plist */ = {isa = PBXFileReference; lastKnownFileType = text.plist.xml; path = Info.plist; sourceTree = "<group>"; };
		107994B5244840F7001ED121 /* WeatherViewController.swift */ = {isa = PBXFileReference; lastKnownFileType = sourcecode.swift; path = WeatherViewController.swift; sourceTree = "<group>"; };
		107994B724484102001ED121 /* Weather.swift */ = {isa = PBXFileReference; lastKnownFileType = sourcecode.swift; path = Weather.swift; sourceTree = "<group>"; };
		107994B924484B97001ED121 /* NetworkService.swift */ = {isa = PBXFileReference; lastKnownFileType = sourcecode.swift; path = NetworkService.swift; sourceTree = "<group>"; };
		107994BB24485A95001ED121 /* Global Functions.swift */ = {isa = PBXFileReference; lastKnownFileType = sourcecode.swift; path = "Global Functions.swift"; sourceTree = "<group>"; };
		107994BD2448768C001ED121 /* RightNowView.swift */ = {isa = PBXFileReference; lastKnownFileType = sourcecode.swift; path = RightNowView.swift; sourceTree = "<group>"; };
		107994BF244876DF001ED121 /* WeatherDetailView.swift */ = {isa = PBXFileReference; lastKnownFileType = sourcecode.swift; path = WeatherDetailView.swift; sourceTree = "<group>"; };
		107994C12448DA32001ED121 /* Fancy.swift */ = {isa = PBXFileReference; lastKnownFileType = sourcecode.swift; path = Fancy.swift; sourceTree = "<group>"; };
/* End PBXFileReference section */

/* Begin PBXFrameworksBuildPhase section */
		10799495244840A7001ED121 /* Frameworks */ = {
			isa = PBXFrameworksBuildPhase;
			buildActionMask = 2147483647;
			files = (
			);
			runOnlyForDeploymentPostprocessing = 0;
		};
/* End PBXFrameworksBuildPhase section */

/* Begin PBXGroup section */
		1079948F244840A7001ED121 = {
			isa = PBXGroup;
			children = (
				1079949A244840A7001ED121 /* Weather */,
				10799499244840A7001ED121 /* Products */,
			);
			sourceTree = "<group>";
		};
		10799499244840A7001ED121 /* Products */ = {
			isa = PBXGroup;
			children = (
				10799498244840A7001ED121 /* Weather.app */,
			);
			name = Products;
			sourceTree = "<group>";
		};
		1079949A244840A7001ED121 /* Weather */ = {
			isa = PBXGroup;
			children = (
				107994B2244840CF001ED121 /* Services */,
				107994B1244840CA001ED121 /* Model */,
				107994B0244840C5001ED121 /* View */,
				107994AF244840BB001ED121 /* Controller */,
				1079949B244840A7001ED121 /* AppDelegate.swift */,
				1079949D244840A7001ED121 /* SceneDelegate.swift */,
				107994A1244840A7001ED121 /* Main.storyboard */,
				107994A4244840A8001ED121 /* Assets.xcassets */,
				107994A6244840A8001ED121 /* LaunchScreen.storyboard */,
				107994A9244840A8001ED121 /* Info.plist */,
			);
			path = Weather;
			sourceTree = "<group>";
		};
		107994AF244840BB001ED121 /* Controller */ = {
			isa = PBXGroup;
			children = (
				107994B5244840F7001ED121 /* WeatherViewController.swift */,
			);
			path = Controller;
			sourceTree = "<group>";
		};
		107994B0244840C5001ED121 /* View */ = {
			isa = PBXGroup;
			children = (
				107994BD2448768C001ED121 /* RightNowView.swift */,
				107994BF244876DF001ED121 /* WeatherDetailView.swift */,
				107994C12448DA32001ED121 /* Fancy.swift */,
			);
			path = View;
			sourceTree = "<group>";
		};
		107994B1244840CA001ED121 /* Model */ = {
			isa = PBXGroup;
			children = (
				107994B724484102001ED121 /* Weather.swift */,
			);
			path = Model;
			sourceTree = "<group>";
		};
		107994B2244840CF001ED121 /* Services */ = {
			isa = PBXGroup;
			children = (
				107994B924484B97001ED121 /* NetworkService.swift */,
				107994BB24485A95001ED121 /* Global Functions.swift */,
			);
			path = Services;
			sourceTree = "<group>";
		};
/* End PBXGroup section */

/* Begin PBXNativeTarget section */
		10799497244840A7001ED121 /* Weather */ = {
			isa = PBXNativeTarget;
			buildConfigurationList = 107994AC244840A8001ED121 /* Build configuration list for PBXNativeTarget "Weather" */;
			buildPhases = (
				10799494244840A7001ED121 /* Sources */,
				10799495244840A7001ED121 /* Frameworks */,
				10799496244840A7001ED121 /* Resources */,
			);
			buildRules = (
			);
			dependencies = (
			);
			name = Weather;
			productName = Weather;
			productReference = 10799498244840A7001ED121 /* Weather.app */;
			productType = "com.apple.product-type.application";
		};
/* End PBXNativeTarget section */

/* Begin PBXProject section */
		10799490244840A7001ED121 /* Project object */ = {
			isa = PBXProject;
			attributes = {
				LastSwiftUpdateCheck = 1130;
				LastUpgradeCheck = 1130;
				ORGANIZATIONNAME = "Mohammad Shayan";
				TargetAttributes = {
					10799497244840A7001ED121 = {
						CreatedOnToolsVersion = 11.3.1;
					};
				};
			};
			buildConfigurationList = 10799493244840A7001ED121 /* Build configuration list for PBXProject "Weather" */;
			compatibilityVersion = "Xcode 9.3";
			developmentRegion = en;
			hasScannedForEncodings = 0;
			knownRegions = (
				en,
				Base,
			);
			mainGroup = 1079948F244840A7001ED121;
			productRefGroup = 10799499244840A7001ED121 /* Products */;
			projectDirPath = "";
			projectRoot = "";
			targets = (
				10799497244840A7001ED121 /* Weather */,
			);
		};
/* End PBXProject section */

/* Begin PBXResourcesBuildPhase section */
		10799496244840A7001ED121 /* Resources */ = {
			isa = PBXResourcesBuildPhase;
			buildActionMask = 2147483647;
			files = (
				107994A8244840A8001ED121 /* LaunchScreen.storyboard in Resources */,
				107994A5244840A8001ED121 /* Assets.xcassets in Resources */,
				107994A3244840A7001ED121 /* Main.storyboard in Resources */,
			);
			runOnlyForDeploymentPostprocessing = 0;
		};
/* End PBXResourcesBuildPhase section */

/* Begin PBXSourcesBuildPhase section */
		10799494244840A7001ED121 /* Sources */ = {
			isa = PBXSourcesBuildPhase;
			buildActionMask = 2147483647;
			files = (
				107994C0244876DF001ED121 /* WeatherDetailView.swift in Sources */,
				107994B6244840F7001ED121 /* WeatherViewController.swift in Sources */,
				107994C22448DA32001ED121 /* Fancy.swift in Sources */,
				107994BC24485A95001ED121 /* Global Functions.swift in Sources */,
				1079949C244840A7001ED121 /* AppDelegate.swift in Sources */,
				1079949E244840A7001ED121 /* SceneDelegate.swift in Sources */,
				107994BE2448768C001ED121 /* RightNowView.swift in Sources */,
				107994BA24484B97001ED121 /* NetworkService.swift in Sources */,
				107994B824484102001ED121 /* Weather.swift in Sources */,
			);
			runOnlyForDeploymentPostprocessing = 0;
		};
/* End PBXSourcesBuildPhase section */

/* Begin PBXVariantGroup section */
		107994A1244840A7001ED121 /* Main.storyboard */ = {
			isa = PBXVariantGroup;
			children = (
				107994A2244840A7001ED121 /* Base */,
			);
			name = Main.storyboard;
			sourceTree = "<group>";
		};
		107994A6244840A8001ED121 /* LaunchScreen.storyboard */ = {
			isa = PBXVariantGroup;
			children = (
				107994A7244840A8001ED121 /* Base */,
			);
			name = LaunchScreen.storyboard;
			sourceTree = "<group>";
		};
/* End PBXVariantGroup section */

/* Begin XCBuildConfiguration section */
		107994AA244840A8001ED121 /* Debug */ = {
			isa = XCBuildConfiguration;
			buildSettings = {
				ALWAYS_SEARCH_USER_PATHS = NO;
				CLANG_ANALYZER_NONNULL = YES;
				CLANG_ANALYZER_NUMBER_OBJECT_CONVERSION = YES_AGGRESSIVE;
				CLANG_CXX_LANGUAGE_STANDARD = "gnu++14";
				CLANG_CXX_LIBRARY = "libc++";
				CLANG_ENABLE_MODULES = YES;
				CLANG_ENABLE_OBJC_ARC = YES;
				CLANG_ENABLE_OBJC_WEAK = YES;
				CLANG_WARN_BLOCK_CAPTURE_AUTORELEASING = YES;
				CLANG_WARN_BOOL_CONVERSION = YES;
				CLANG_WARN_COMMA = YES;
				CLANG_WARN_CONSTANT_CONVERSION = YES;
				CLANG_WARN_DEPRECATED_OBJC_IMPLEMENTATIONS = YES;
				CLANG_WARN_DIRECT_OBJC_ISA_USAGE = YES_ERROR;
				CLANG_WARN_DOCUMENTATION_COMMENTS = YES;
				CLANG_WARN_EMPTY_BODY = YES;
				CLANG_WARN_ENUM_CONVERSION = YES;
				CLANG_WARN_INFINITE_RECURSION = YES;
				CLANG_WARN_INT_CONVERSION = YES;
				CLANG_WARN_NON_LITERAL_NULL_CONVERSION = YES;
				CLANG_WARN_OBJC_IMPLICIT_RETAIN_SELF = YES;
				CLANG_WARN_OBJC_LITERAL_CONVERSION = YES;
				CLANG_WARN_OBJC_ROOT_CLASS = YES_ERROR;
				CLANG_WARN_RANGE_LOOP_ANALYSIS = YES;
				CLANG_WARN_STRICT_PROTOTYPES = YES;
				CLANG_WARN_SUSPICIOUS_MOVE = YES;
				CLANG_WARN_UNGUARDED_AVAILABILITY = YES_AGGRESSIVE;
				CLANG_WARN_UNREACHABLE_CODE = YES;
				CLANG_WARN__DUPLICATE_METHOD_MATCH = YES;
				COPY_PHASE_STRIP = NO;
				DEBUG_INFORMATION_FORMAT = dwarf;
				ENABLE_STRICT_OBJC_MSGSEND = YES;
				ENABLE_TESTABILITY = YES;
				GCC_C_LANGUAGE_STANDARD = gnu11;
				GCC_DYNAMIC_NO_PIC = NO;
				GCC_NO_COMMON_BLOCKS = YES;
				GCC_OPTIMIZATION_LEVEL = 0;
				GCC_PREPROCESSOR_DEFINITIONS = (
					"DEBUG=1",
					"$(inherited)",
				);
				GCC_WARN_64_TO_32_BIT_CONVERSION = YES;
				GCC_WARN_ABOUT_RETURN_TYPE = YES_ERROR;
				GCC_WARN_UNDECLARED_SELECTOR = YES;
				GCC_WARN_UNINITIALIZED_AUTOS = YES_AGGRESSIVE;
				GCC_WARN_UNUSED_FUNCTION = YES;
				GCC_WARN_UNUSED_VARIABLE = YES;
				IPHONEOS_DEPLOYMENT_TARGET = 13.2;
				MTL_ENABLE_DEBUG_INFO = INCLUDE_SOURCE;
				MTL_FAST_MATH = YES;
				ONLY_ACTIVE_ARCH = YES;
				SDKROOT = iphoneos;
				SWIFT_ACTIVE_COMPILATION_CONDITIONS = DEBUG;
				SWIFT_OPTIMIZATION_LEVEL = "-Onone";
			};
			name = Debug;
		};
		107994AB244840A8001ED121 /* Release */ = {
			isa = XCBuildConfiguration;
			buildSettings = {
				ALWAYS_SEARCH_USER_PATHS = NO;
				CLANG_ANALYZER_NONNULL = YES;
				CLANG_ANALYZER_NUMBER_OBJECT_CONVERSION = YES_AGGRESSIVE;
				CLANG_CXX_LANGUAGE_STANDARD = "gnu++14";
				CLANG_CXX_LIBRARY = "libc++";
				CLANG_ENABLE_MODULES = YES;
				CLANG_ENABLE_OBJC_ARC = YES;
				CLANG_ENABLE_OBJC_WEAK = YES;
				CLANG_WARN_BLOCK_CAPTURE_AUTORELEASING = YES;
				CLANG_WARN_BOOL_CONVERSION = YES;
				CLANG_WARN_COMMA = YES;
				CLANG_WARN_CONSTANT_CONVERSION = YES;
				CLANG_WARN_DEPRECATED_OBJC_IMPLEMENTATIONS = YES;
				CLANG_WARN_DIRECT_OBJC_ISA_USAGE = YES_ERROR;
				CLANG_WARN_DOCUMENTATION_COMMENTS = YES;
				CLANG_WARN_EMPTY_BODY = YES;
				CLANG_WARN_ENUM_CONVERSION = YES;
				CLANG_WARN_INFINITE_RECURSION = YES;
				CLANG_WARN_INT_CONVERSION = YES;
				CLANG_WARN_NON_LITERAL_NULL_CONVERSION = YES;
				CLANG_WARN_OBJC_IMPLICIT_RETAIN_SELF = YES;
				CLANG_WARN_OBJC_LITERAL_CONVERSION = YES;
				CLANG_WARN_OBJC_ROOT_CLASS = YES_ERROR;
				CLANG_WARN_RANGE_LOOP_ANALYSIS = YES;
				CLANG_WARN_STRICT_PROTOTYPES = YES;
				CLANG_WARN_SUSPICIOUS_MOVE = YES;
				CLANG_WARN_UNGUARDED_AVAILABILITY = YES_AGGRESSIVE;
				CLANG_WARN_UNREACHABLE_CODE = YES;
				CLANG_WARN__DUPLICATE_METHOD_MATCH = YES;
				COPY_PHASE_STRIP = NO;
				DEBUG_INFORMATION_FORMAT = "dwarf-with-dsym";
				ENABLE_NS_ASSERTIONS = NO;
				ENABLE_STRICT_OBJC_MSGSEND = YES;
				GCC_C_LANGUAGE_STANDARD = gnu11;
				GCC_NO_COMMON_BLOCKS = YES;
				GCC_WARN_64_TO_32_BIT_CONVERSION = YES;
				GCC_WARN_ABOUT_RETURN_TYPE = YES_ERROR;
				GCC_WARN_UNDECLARED_SELECTOR = YES;
				GCC_WARN_UNINITIALIZED_AUTOS = YES_AGGRESSIVE;
				GCC_WARN_UNUSED_FUNCTION = YES;
				GCC_WARN_UNUSED_VARIABLE = YES;
				IPHONEOS_DEPLOYMENT_TARGET = 13.2;
				MTL_ENABLE_DEBUG_INFO = NO;
				MTL_FAST_MATH = YES;
				SDKROOT = iphoneos;
				SWIFT_COMPILATION_MODE = wholemodule;
				SWIFT_OPTIMIZATION_LEVEL = "-O";
				VALIDATE_PRODUCT = YES;
			};
			name = Release;
		};
		107994AD244840A8001ED121 /* Debug */ = {
			isa = XCBuildConfiguration;
			buildSettings = {
				ASSETCATALOG_COMPILER_APPICON_NAME = AppIcon;
				CODE_SIGN_STYLE = Automatic;
				DEVELOPMENT_TEAM = HB98CM97SS;
				INFOPLIST_FILE = Weather/Info.plist;
				LD_RUNPATH_SEARCH_PATHS = (
					"$(inherited)",
					"@executable_path/Frameworks",
				);
				PRODUCT_BUNDLE_IDENTIFIER = com.mshayanh13.Weather;
				PRODUCT_NAME = "$(TARGET_NAME)";
				SWIFT_VERSION = 5.0;
				TARGETED_DEVICE_FAMILY = "1,2";
			};
			name = Debug;
		};
		107994AE244840A8001ED121 /* Release */ = {
			isa = XCBuildConfiguration;
			buildSettings = {
				ASSETCATALOG_COMPILER_APPICON_NAME = AppIcon;
				CODE_SIGN_STYLE = Automatic;
				DEVELOPMENT_TEAM = HB98CM97SS;
				INFOPLIST_FILE = Weather/Info.plist;
				LD_RUNPATH_SEARCH_PATHS = (
					"$(inherited)",
					"@executable_path/Frameworks",
				);
				PRODUCT_BUNDLE_IDENTIFIER = com.mshayanh13.Weather;
				PRODUCT_NAME = "$(TARGET_NAME)";
				SWIFT_VERSION = 5.0;
				TARGETED_DEVICE_FAMILY = "1,2";
			};
			name = Release;
		};
/* End XCBuildConfiguration section */

/* Begin XCConfigurationList section */
		10799493244840A7001ED121 /* Build configuration list for PBXProject "Weather" */ = {
			isa = XCConfigurationList;
			buildConfigurations = (
				107994AA244840A8001ED121 /* Debug */,
				107994AB244840A8001ED121 /* Release */,
			);
			defaultConfigurationIsVisible = 0;
			defaultConfigurationName = Release;
		};
		107994AC244840A8001ED121 /* Build configuration list for PBXNativeTarget "Weather" */ = {
			isa = XCConfigurationList;
			buildConfigurations = (
				107994AD244840A8001ED121 /* Debug */,
				107994AE244840A8001ED121 /* Release */,
			);
			defaultConfigurationIsVisible = 0;
			defaultConfigurationName = Release;
		};
/* End XCConfigurationList section */
	};
	rootObject = 10799490244840A7001ED121 /* Project object */;
}
